
Microsoft Visual Studio Solution File, Format Version 12.00
# Visual Studio Version 17
VisualStudioVersion = 17.7.34031.279
MinimumVisualStudioVersion = 10.0.40219.1
Project("{8BC9CEB8-8B4A-11D0-8D11-00A0C91BC942}") = "TinyBASIC_Compiler", "TinyBASIC_Compiler\TinyBASIC_Compiler.vcxproj", "{56863032-254C-4C56-BFB2-37FE43284F91}"
EndProject
Project("{2150E333-8FDC-42A3-9474-1A3956D46DE8}") = "Solution Items", "Solution Items", "{478AB426-011A-46AE-A24D-52A19A055CAE}"
	ProjectSection(SolutionItems) = preProject
		.gitignore = .gitignore
		README.md = README.md
	EndProjectSection
EndProject
Global
	GlobalSection(SolutionConfigurationPlatforms) = preSolution
		Debug|x64 = Debug|x64
		Debug|x86 = Debug|x86
		Release|x64 = Release|x64
		Release|x86 = Release|x86
	EndGlobalSection
	GlobalSection(ProjectConfigurationPlatforms) = postSolution
		{56863032-254C-4C56-BFB2-37FE43284F91}.Debug|x64.ActiveCfg = Debug|x64
		{56863032-254C-4C56-BFB2-37FE43284F91}.Debug|x64.Build.0 = Debug|x64
		{56863032-254C-4C56-BFB2-37FE43284F91}.Debug|x86.ActiveCfg = Debug|Win32
		{56863032-254C-4C56-BFB2-37FE43284F91}.Debug|x86.Build.0 = Debug|Win32
		{56863032-254C-4C56-BFB2-37FE43284F91}.Release|x64.ActiveCfg = Release|x64
		{56863032-254C-4C56-BFB2-37FE43284F91}.Release|x64.Build.0 = Release|x64
		{56863032-254C-4C56-BFB2-37FE43284F91}.Release|x86.ActiveCfg = Release|Win32
		{56863032-254C-4C56-BFB2-37FE43284F91}.Release|x86.Build.0 = Release|Win32
	EndGlobalSection
	GlobalSection(SolutionProperties) = preSolution
		HideSolutionNode = FALSE
	EndGlobalSection
	GlobalSection(ExtensibilityGlobals) = postSolution
		SolutionGuid = {9D4994A2-690D-4238-A075-9F33BE19491D}
	EndGlobalSection
EndGlobal
